
Microsoft Visual Studio Solution File, Format Version 12.00
# Visual Studio Version 17
VisualStudioVersion = 17.10.35122.118
MinimumVisualStudioVersion = 10.0.40219.1
Project("{9A19103F-16F7-4668-BE54-9A1E7A4F7556}") = "Web", "Web\Web.csproj", "{EA2CE7B4-670E-4060-A114-D89AC5F3F4C3}"
EndProject
Project("{2150E333-8FDC-42A3-9474-1A3956D46DE8}") = "Presentation", "Presentation", "{50C36FAB-E3D7-4BC7-8CE5-04995981E26A}"
EndProject
Project("{2150E333-8FDC-42A3-9474-1A3956D46DE8}") = "Infrastructure", "Infrastructure", "{C4B43095-4CD3-4BFE-A93A-79940975F67E}"
EndProject
Project("{2150E333-8FDC-42A3-9474-1A3956D46DE8}") = "Common", "Common", "{B63BC65A-C951-4369-9D72-A2B71890A75B}"
EndProject
Project("{2150E333-8FDC-42A3-9474-1A3956D46DE8}") = "Application", "Application", "{9BB6C27E-9E9A-48A6-8BCE-B2BF21EC8062}"
EndProject
Project("{9A19103F-16F7-4668-BE54-9A1E7A4F7556}") = "Common.Core", "Common.Core\Common.Core.csproj", "{EEB1B81D-25FD-4D89-B628-40EAE1CCECF2}"
EndProject
Project("{9A19103F-16F7-4668-BE54-9A1E7A4F7556}") = "Application", "Application\Application.csproj", "{3BEDC04D-A4C9-4573-B0DD-A32435DE8DC4}"
EndProject
Project("{9A19103F-16F7-4668-BE54-9A1E7A4F7556}") = "Persistence.Mssql", "Persistence.Mssql\Persistence.Mssql.csproj", "{D693D6DA-C2F9-40C9-BEF6-F4F7CC390AFA}"
EndProject
Project("{E53339B2-1760-4266-BCC7-CA923CBCF16C}") = "docker-compose", "docker-compose.dcproj", "{3E169A98-B011-4899-ADCD-B48012545921}"
EndProject
Project("{2150E333-8FDC-42A3-9474-1A3956D46DE8}") = ".config", ".config", "{15D00825-9217-420B-BEFB-D568D673CFE8}"
	ProjectSection(SolutionItems) = preProject
		dotnet-tools.json = dotnet-tools.json
	EndProjectSection
EndProject
Global
	GlobalSection(SolutionConfigurationPlatforms) = preSolution
		Debug|Any CPU = Debug|Any CPU
		NoVariablesDefault|Any CPU = NoVariablesDefault|Any CPU
		Release|Any CPU = Release|Any CPU
	EndGlobalSection
	GlobalSection(ProjectConfigurationPlatforms) = postSolution
		{EA2CE7B4-670E-4060-A114-D89AC5F3F4C3}.Debug|Any CPU.ActiveCfg = Debug|Any CPU
		{EA2CE7B4-670E-4060-A114-D89AC5F3F4C3}.Debug|Any CPU.Build.0 = Debug|Any CPU
		{EA2CE7B4-670E-4060-A114-D89AC5F3F4C3}.NoVariablesDefault|Any CPU.ActiveCfg = Release|Any CPU
		{EA2CE7B4-670E-4060-A114-D89AC5F3F4C3}.NoVariablesDefault|Any CPU.Build.0 = Release|Any CPU
		{EA2CE7B4-670E-4060-A114-D89AC5F3F4C3}.Release|Any CPU.ActiveCfg = Release|Any CPU
		{EA2CE7B4-670E-4060-A114-D89AC5F3F4C3}.Release|Any CPU.Build.0 = Release|Any CPU
		{EEB1B81D-25FD-4D89-B628-40EAE1CCECF2}.Debug|Any CPU.ActiveCfg = Debug|Any CPU
		{EEB1B81D-25FD-4D89-B628-40EAE1CCECF2}.Debug|Any CPU.Build.0 = Debug|Any CPU
		{EEB1B81D-25FD-4D89-B628-40EAE1CCECF2}.NoVariablesDefault|Any CPU.ActiveCfg = Release|Any CPU
		{EEB1B81D-25FD-4D89-B628-40EAE1CCECF2}.NoVariablesDefault|Any CPU.Build.0 = Release|Any CPU
		{EEB1B81D-25FD-4D89-B628-40EAE1CCECF2}.Release|Any CPU.ActiveCfg = Release|Any CPU
		{EEB1B81D-25FD-4D89-B628-40EAE1CCECF2}.Release|Any CPU.Build.0 = Release|Any CPU
		{3BEDC04D-A4C9-4573-B0DD-A32435DE8DC4}.Debug|Any CPU.ActiveCfg = Debug|Any CPU
		{3BEDC04D-A4C9-4573-B0DD-A32435DE8DC4}.Debug|Any CPU.Build.0 = Debug|Any CPU
		{3BEDC04D-A4C9-4573-B0DD-A32435DE8DC4}.NoVariablesDefault|Any CPU.ActiveCfg = Release|Any CPU
		{3BEDC04D-A4C9-4573-B0DD-A32435DE8DC4}.NoVariablesDefault|Any CPU.Build.0 = Release|Any CPU
		{3BEDC04D-A4C9-4573-B0DD-A32435DE8DC4}.Release|Any CPU.ActiveCfg = Release|Any CPU
		{3BEDC04D-A4C9-4573-B0DD-A32435DE8DC4}.Release|Any CPU.Build.0 = Release|Any CPU
		{D693D6DA-C2F9-40C9-BEF6-F4F7CC390AFA}.Debug|Any CPU.ActiveCfg = Debug|Any CPU
		{D693D6DA-C2F9-40C9-BEF6-F4F7CC390AFA}.Debug|Any CPU.Build.0 = Debug|Any CPU
		{D693D6DA-C2F9-40C9-BEF6-F4F7CC390AFA}.NoVariablesDefault|Any CPU.ActiveCfg = Release|Any CPU
		{D693D6DA-C2F9-40C9-BEF6-F4F7CC390AFA}.NoVariablesDefault|Any CPU.Build.0 = Release|Any CPU
		{D693D6DA-C2F9-40C9-BEF6-F4F7CC390AFA}.Release|Any CPU.ActiveCfg = Release|Any CPU
		{D693D6DA-C2F9-40C9-BEF6-F4F7CC390AFA}.Release|Any CPU.Build.0 = Release|Any CPU
		{3E169A98-B011-4899-ADCD-B48012545921}.Debug|Any CPU.ActiveCfg = Debug|Any CPU
		{3E169A98-B011-4899-ADCD-B48012545921}.Debug|Any CPU.Build.0 = Debug|Any CPU
		{3E169A98-B011-4899-ADCD-B48012545921}.NoVariablesDefault|Any CPU.ActiveCfg = Release|Any CPU
		{3E169A98-B011-4899-ADCD-B48012545921}.NoVariablesDefault|Any CPU.Build.0 = Release|Any CPU
		{3E169A98-B011-4899-ADCD-B48012545921}.Release|Any CPU.ActiveCfg = Release|Any CPU
		{3E169A98-B011-4899-ADCD-B48012545921}.Release|Any CPU.Build.0 = Release|Any CPU
	EndGlobalSection
	GlobalSection(SolutionProperties) = preSolution
		HideSolutionNode = FALSE
	EndGlobalSection
	GlobalSection(NestedProjects) = preSolution
		{EA2CE7B4-670E-4060-A114-D89AC5F3F4C3} = {50C36FAB-E3D7-4BC7-8CE5-04995981E26A}
		{EEB1B81D-25FD-4D89-B628-40EAE1CCECF2} = {B63BC65A-C951-4369-9D72-A2B71890A75B}
		{3BEDC04D-A4C9-4573-B0DD-A32435DE8DC4} = {9BB6C27E-9E9A-48A6-8BCE-B2BF21EC8062}
		{D693D6DA-C2F9-40C9-BEF6-F4F7CC390AFA} = {C4B43095-4CD3-4BFE-A93A-79940975F67E}
	EndGlobalSection
	GlobalSection(ExtensibilityGlobals) = postSolution
		SolutionGuid = {75BF5637-597D-470C-B47B-3BF17EA19CD7}
	EndGlobalSection
EndGlobal
